// !$*UTF8*$!
{
	archiveVersion = 1;
	classes = {
	};
	objectVersion = 46;
	objects = {

/* Begin PBXBuildFile section */
		F2B7984C19B6E178009737AC /* AppDelegate.swift in Sources */ = {isa = PBXBuildFile; fileRef = F2B7984B19B6E178009737AC /* AppDelegate.swift */; };
		F2B7984E19B6E178009737AC /* ViewController.swift in Sources */ = {isa = PBXBuildFile; fileRef = F2B7984D19B6E178009737AC /* ViewController.swift */; };
		F2B7985119B6E178009737AC /* Main.storyboard in Resources */ = {isa = PBXBuildFile; fileRef = F2B7984F19B6E178009737AC /* Main.storyboard */; };
		F2B7985319B6E178009737AC /* Images.xcassets in Resources */ = {isa = PBXBuildFile; fileRef = F2B7985219B6E178009737AC /* Images.xcassets */; };
		F2B7985F19B6E178009737AC /* HashTableTests.swift in Sources */ = {isa = PBXBuildFile; fileRef = F2B7985E19B6E178009737AC /* HashTableTests.swift */; };
/* End PBXBuildFile section */

/* Begin PBXContainerItemProxy section */
		F2B7985919B6E178009737AC /* PBXContainerItemProxy */ = {
			isa = PBXContainerItemProxy;
			containerPortal = F2B7983E19B6E178009737AC /* Project object */;
			proxyType = 1;
			remoteGlobalIDString = F2B7984519B6E178009737AC;
			remoteInfo = HashTable;
		};
/* End PBXContainerItemProxy section */

/* Begin PBXFileReference section */
		F2B7984619B6E178009737AC /* HashTable.app */ = {isa = PBXFileReference; explicitFileType = wrapper.application; includeInIndex = 0; path = HashTable.app; sourceTree = BUILT_PRODUCTS_DIR; };
		F2B7984A19B6E178009737AC /* Info.plist */ = {isa = PBXFileReference; lastKnownFileType = text.plist.xml; path = Info.plist; sourceTree = "<group>"; };
		F2B7984B19B6E178009737AC /* AppDelegate.swift */ = {isa = PBXFileReference; lastKnownFileType = sourcecode.swift; path = AppDelegate.swift; sourceTree = "<group>"; };
		F2B7984D19B6E178009737AC /* ViewController.swift */ = {isa = PBXFileReference; lastKnownFileType = sourcecode.swift; path = ViewController.swift; sourceTree = "<group>"; };
		F2B7985019B6E178009737AC /* Base */ = {isa = PBXFileReference; lastKnownFileType = file.storyboard; name = Base; path = Base.lproj/Main.storyboard; sourceTree = "<group>"; };
		F2B7985219B6E178009737AC /* Images.xcassets */ = {isa = PBXFileReference; lastKnownFileType = folder.assetcatalog; path = Images.xcassets; sourceTree = "<group>"; };
		F2B7985819B6E178009737AC /* HashTableTests.xctest */ = {isa = PBXFileReference; explicitFileType = wrapper.cfbundle; includeInIndex = 0; path = HashTableTests.xctest; sourceTree = BUILT_PRODUCTS_DIR; };
		F2B7985D19B6E178009737AC /* Info.plist */ = {isa = PBXFileReference; lastKnownFileType = text.plist.xml; path = Info.plist; sourceTree = "<group>"; };
		F2B7985E19B6E178009737AC /* HashTableTests.swift */ = {isa = PBXFileReference; lastKnownFileType = sourcecode.swift; path = HashTableTests.swift; sourceTree = "<group>"; };
/* End PBXFileReference section */

/* Begin PBXFrameworksBuildPhase section */
		F2B7984319B6E178009737AC /* Frameworks */ = {
			isa = PBXFrameworksBuildPhase;
			buildActionMask = 2147483647;
			files = (
			);
			runOnlyForDeploymentPostprocessing = 0;
		};
		F2B7985519B6E178009737AC /* Frameworks */ = {
			isa = PBXFrameworksBuildPhase;
			buildActionMask = 2147483647;
			files = (
			);
			runOnlyForDeploymentPostprocessing = 0;
		};
/* End PBXFrameworksBuildPhase section */

/* Begin PBXGroup section */
		F2B7983D19B6E178009737AC = {
			isa = PBXGroup;
			children = (
				F2B7984819B6E178009737AC /* HashTable */,
				F2B7985B19B6E178009737AC /* HashTableTests */,
				F2B7984719B6E178009737AC /* Products */,
			);
			sourceTree = "<group>";
		};
		F2B7984719B6E178009737AC /* Products */ = {
			isa = PBXGroup;
			children = (
				F2B7984619B6E178009737AC /* HashTable.app */,
				F2B7985819B6E178009737AC /* HashTableTests.xctest */,
			);
			name = Products;
			sourceTree = "<group>";
		};
		F2B7984819B6E178009737AC /* HashTable */ = {
			isa = PBXGroup;
			children = (
				F2B7984B19B6E178009737AC /* AppDelegate.swift */,
				F2B7984D19B6E178009737AC /* ViewController.swift */,
				F2B7984F19B6E178009737AC /* Main.storyboard */,
				F2B7985219B6E178009737AC /* Images.xcassets */,
				F2B7984919B6E178009737AC /* Supporting Files */,
			);
			path = HashTable;
			sourceTree = "<group>";
		};
		F2B7984919B6E178009737AC /* Supporting Files */ = {
			isa = PBXGroup;
			children = (
				F2B7984A19B6E178009737AC /* Info.plist */,
			);
			name = "Supporting Files";
			sourceTree = "<group>";
		};
		F2B7985B19B6E178009737AC /* HashTableTests */ = {
			isa = PBXGroup;
			children = (
				F2B7985E19B6E178009737AC /* HashTableTests.swift */,
				F2B7985C19B6E178009737AC /* Supporting Files */,
			);
			path = HashTableTests;
			sourceTree = "<group>";
		};
		F2B7985C19B6E178009737AC /* Supporting Files */ = {
			isa = PBXGroup;
			children = (
				F2B7985D19B6E178009737AC /* Info.plist */,
			);
			name = "Supporting Files";
			sourceTree = "<group>";
		};
/* End PBXGroup section */

/* Begin PBXNativeTarget section */
		F2B7984519B6E178009737AC /* HashTable */ = {
			isa = PBXNativeTarget;
			buildConfigurationList = F2B7986219B6E178009737AC /* Build configuration list for PBXNativeTarget "HashTable" */;
			buildPhases = (
				F2B7984219B6E178009737AC /* Sources */,
				F2B7984319B6E178009737AC /* Frameworks */,
				F2B7984419B6E178009737AC /* Resources */,
			);
			buildRules = (
			);
			dependencies = (
			);
			name = HashTable;
			productName = HashTable;
			productReference = F2B7984619B6E178009737AC /* HashTable.app */;
			productType = "com.apple.product-type.application";
		};
		F2B7985719B6E178009737AC /* HashTableTests */ = {
			isa = PBXNativeTarget;
			buildConfigurationList = F2B7986519B6E178009737AC /* Build configuration list for PBXNativeTarget "HashTableTests" */;
			buildPhases = (
				F2B7985419B6E178009737AC /* Sources */,
				F2B7985519B6E178009737AC /* Frameworks */,
				F2B7985619B6E178009737AC /* Resources */,
			);
			buildRules = (
			);
			dependencies = (
				F2B7985A19B6E178009737AC /* PBXTargetDependency */,
			);
			name = HashTableTests;
			productName = HashTableTests;
			productReference = F2B7985819B6E178009737AC /* HashTableTests.xctest */;
			productType = "com.apple.product-type.bundle.unit-test";
		};
/* End PBXNativeTarget section */

/* Begin PBXProject section */
		F2B7983E19B6E178009737AC /* Project object */ = {
			isa = PBXProject;
			attributes = {
				LastUpgradeCheck = 0600;
				ORGANIZATIONNAME = "Michael Tirenin";
				TargetAttributes = {
					F2B7984519B6E178009737AC = {
						CreatedOnToolsVersion = 6.0;
					};
					F2B7985719B6E178009737AC = {
						CreatedOnToolsVersion = 6.0;
						TestTargetID = F2B7984519B6E178009737AC;
					};
				};
			};
			buildConfigurationList = F2B7984119B6E178009737AC /* Build configuration list for PBXProject "HashTable" */;
			compatibilityVersion = "Xcode 3.2";
			developmentRegion = English;
			hasScannedForEncodings = 0;
			knownRegions = (
				en,
				Base,
			);
			mainGroup = F2B7983D19B6E178009737AC;
			productRefGroup = F2B7984719B6E178009737AC /* Products */;
			projectDirPath = "";
			projectRoot = "";
			targets = (
				F2B7984519B6E178009737AC /* HashTable */,
				F2B7985719B6E178009737AC /* HashTableTests */,
			);
		};
/* End PBXProject section */

/* Begin PBXResourcesBuildPhase section */
		F2B7984419B6E178009737AC /* Resources */ = {
			isa = PBXResourcesBuildPhase;
			buildActionMask = 2147483647;
			files = (
				F2B7985119B6E178009737AC /* Main.storyboard in Resources */,
				F2B7985319B6E178009737AC /* Images.xcassets in Resources */,
			);
			runOnlyForDeploymentPostprocessing = 0;
		};
		F2B7985619B6E178009737AC /* Resources */ = {
			isa = PBXResourcesBuildPhase;
			buildActionMask = 2147483647;
			files = (
			);
			runOnlyForDeploymentPostprocessing = 0;
		};
/* End PBXResourcesBuildPhase section */

/* Begin PBXSourcesBuildPhase section */
		F2B7984219B6E178009737AC /* Sources */ = {
			isa = PBXSourcesBuildPhase;
			buildActionMask = 2147483647;
			files = (
				F2B7984E19B6E178009737AC /* ViewController.swift in Sources */,
				F2B7984C19B6E178009737AC /* AppDelegate.swift in Sources */,
			);
			runOnlyForDeploymentPostprocessing = 0;
		};
		F2B7985419B6E178009737AC /* Sources */ = {
			isa = PBXSourcesBuildPhase;
			buildActionMask = 2147483647;
			files = (
				F2B7985F19B6E178009737AC /* HashTableTests.swift in Sources */,
			);
			runOnlyForDeploymentPostprocessing = 0;
		};
/* End PBXSourcesBuildPhase section */

/* Begin PBXTargetDependency section */
		F2B7985A19B6E178009737AC /* PBXTargetDependency */ = {
			isa = PBXTargetDependency;
			target = F2B7984519B6E178009737AC /* HashTable */;
			targetProxy = F2B7985919B6E178009737AC /* PBXContainerItemProxy */;
		};
/* End PBXTargetDependency section */

/* Begin PBXVariantGroup section */
		F2B7984F19B6E178009737AC /* Main.storyboard */ = {
			isa = PBXVariantGroup;
			children = (
				F2B7985019B6E178009737AC /* Base */,
			);
			name = Main.storyboard;
			sourceTree = "<group>";
		};
/* End PBXVariantGroup section */

/* Begin XCBuildConfiguration section */
		F2B7986019B6E178009737AC /* Debug */ = {
			isa = XCBuildConfiguration;
			buildSettings = {
				ALWAYS_SEARCH_USER_PATHS = NO;
				CLANG_CXX_LANGUAGE_STANDARD = "gnu++0x";
				CLANG_CXX_LIBRARY = "libc++";
				CLANG_ENABLE_MODULES = YES;
				CLANG_ENABLE_OBJC_ARC = YES;
				CLANG_WARN_BOOL_CONVERSION = YES;
				CLANG_WARN_CONSTANT_CONVERSION = YES;
				CLANG_WARN_DIRECT_OBJC_ISA_USAGE = YES_ERROR;
				CLANG_WARN_EMPTY_BODY = YES;
				CLANG_WARN_ENUM_CONVERSION = YES;
				CLANG_WARN_INT_CONVERSION = YES;
				CLANG_WARN_OBJC_ROOT_CLASS = YES_ERROR;
				CLANG_WARN_UNREACHABLE_CODE = YES;
				CLANG_WARN__DUPLICATE_METHOD_MATCH = YES;
				"CODE_SIGN_IDENTITY[sdk=iphoneos*]" = "iPhone Developer";
				COPY_PHASE_STRIP = NO;
				ENABLE_STRICT_OBJC_MSGSEND = YES;
				GCC_C_LANGUAGE_STANDARD = gnu99;
				GCC_DYNAMIC_NO_PIC = NO;
				GCC_OPTIMIZATION_LEVEL = 0;
				GCC_PREPROCESSOR_DEFINITIONS = (
					"DEBUG=1",
					"$(inherited)",
				);
				GCC_SYMBOLS_PRIVATE_EXTERN = NO;
				GCC_WARN_64_TO_32_BIT_CONVERSION = YES;
				GCC_WARN_ABOUT_RETURN_TYPE = YES_ERROR;
				GCC_WARN_UNDECLARED_SELECTOR = YES;
				GCC_WARN_UNINITIALIZED_AUTOS = YES_AGGRESSIVE;
				GCC_WARN_UNUSED_FUNCTION = YES;
				GCC_WARN_UNUSED_VARIABLE = YES;
				IPHONEOS_DEPLOYMENT_TARGET = 8.0;
				MTL_ENABLE_DEBUG_INFO = YES;
				ONLY_ACTIVE_ARCH = YES;
				SDKROOT = iphoneos;
				SWIFT_OPTIMIZATION_LEVEL = "-Onone";
			};
			name = Debug;
		};
		F2B7986119B6E178009737AC /* Release */ = {
			isa = XCBuildConfiguration;
			buildSettings = {
				ALWAYS_SEARCH_USER_PATHS = NO;
				CLANG_CXX_LANGUAGE_STANDARD = "gnu++0x";
				CLANG_CXX_LIBRARY = "libc++";
				CLANG_ENABLE_MODULES = YES;
				CLANG_ENABLE_OBJC_ARC = YES;
				CLANG_WARN_BOOL_CONVERSION = YES;
				CLANG_WARN_CONSTANT_CONVERSION = YES;
				CLANG_WARN_DIRECT_OBJC_ISA_USAGE = YES_ERROR;
				CLANG_WARN_EMPTY_BODY = YES;
				CLANG_WARN_ENUM_CONVERSION = YES;
				CLANG_WARN_INT_CONVERSION = YES;
				CLANG_WARN_OBJC_ROOT_CLASS = YES_ERROR;
				CLANG_WARN_UNREACHABLE_CODE = YES;
				CLANG_WARN__DUPLICATE_METHOD_MATCH = YES;
				"CODE_SIGN_IDENTITY[sdk=iphoneos*]" = "iPhone Developer";
				COPY_PHASE_STRIP = YES;
				ENABLE_NS_ASSERTIONS = NO;
				ENABLE_STRICT_OBJC_MSGSEND = YES;
				GCC_C_LANGUAGE_STANDARD = gnu99;
				GCC_WARN_64_TO_32_BIT_CONVERSION = YES;
				GCC_WARN_ABOUT_RETURN_TYPE = YES_ERROR;
				GCC_WARN_UNDECLARED_SELECTOR = YES;
				GCC_WARN_UNINITIALIZED_AUTOS = YES_AGGRESSIVE;
				GCC_WARN_UNUSED_FUNCTION = YES;
				GCC_WARN_UNUSED_VARIABLE = YES;
				IPHONEOS_DEPLOYMENT_TARGET = 8.0;
				MTL_ENABLE_DEBUG_INFO = NO;
				SDKROOT = iphoneos;
				VALIDATE_PRODUCT = YES;
			};
			name = Release;
		};
		F2B7986319B6E178009737AC /* Debug */ = {
			isa = XCBuildConfiguration;
			buildSettings = {
				ASSETCATALOG_COMPILER_APPICON_NAME = AppIcon;
				ASSETCATALOG_COMPILER_LAUNCHIMAGE_NAME = LaunchImage;
				INFOPLIST_FILE = HashTable/Info.plist;
				LD_RUNPATH_SEARCH_PATHS = "$(inherited) @executable_path/Frameworks";
				PRODUCT_NAME = "$(TARGET_NAME)";
			};
			name = Debug;
		};
		F2B7986419B6E178009737AC /* Release */ = {
			isa = XCBuildConfiguration;
			buildSettings = {
				ASSETCATALOG_COMPILER_APPICON_NAME = AppIcon;
				ASSETCATALOG_COMPILER_LAUNCHIMAGE_NAME = LaunchImage;
				INFOPLIST_FILE = HashTable/Info.plist;
				LD_RUNPATH_SEARCH_PATHS = "$(inherited) @executable_path/Frameworks";
				PRODUCT_NAME = "$(TARGET_NAME)";
			};
			name = Release;
		};
		F2B7986619B6E178009737AC /* Debug */ = {
			isa = XCBuildConfiguration;
			buildSettings = {
				BUNDLE_LOADER = "$(TEST_HOST)";
				FRAMEWORK_SEARCH_PATHS = (
					"$(SDKROOT)/Developer/Library/Frameworks",
					"$(inherited)",
				);
				GCC_PREPROCESSOR_DEFINITIONS = (
					"DEBUG=1",
					"$(inherited)",
				);
				INFOPLIST_FILE = HashTableTests/Info.plist;
				LD_RUNPATH_SEARCH_PATHS = "$(inherited) @executable_path/Frameworks @loader_path/Frameworks";
				PRODUCT_NAME = "$(TARGET_NAME)";
				TEST_HOST = "$(BUILT_PRODUCTS_DIR)/HashTable.app/HashTable";
			};
			name = Debug;
		};
		F2B7986719B6E178009737AC /* Release */ = {
			isa = XCBuildConfiguration;
			buildSettings = {
				BUNDLE_LOADER = "$(TEST_HOST)";
				FRAMEWORK_SEARCH_PATHS = (
					"$(SDKROOT)/Developer/Library/Frameworks",
					"$(inherited)",
				);
				INFOPLIST_FILE = HashTableTests/Info.plist;
				LD_RUNPATH_SEARCH_PATHS = "$(inherited) @executable_path/Frameworks @loader_path/Frameworks";
				PRODUCT_NAME = "$(TARGET_NAME)";
				TEST_HOST = "$(BUILT_PRODUCTS_DIR)/HashTable.app/HashTable";
			};
			name = Release;
		};
/* End XCBuildConfiguration section */

/* Begin XCConfigurationList section */
		F2B7984119B6E178009737AC /* Build configuration list for PBXProject "HashTable" */ = {
			isa = XCConfigurationList;
			buildConfigurations = (
				F2B7986019B6E178009737AC /* Debug */,
				F2B7986119B6E178009737AC /* Release */,
			);
			defaultConfigurationIsVisible = 0;
			defaultConfigurationName = Release;
		};
		F2B7986219B6E178009737AC /* Build configuration list for PBXNativeTarget "HashTable" */ = {
			isa = XCConfigurationList;
			buildConfigurations = (
				F2B7986319B6E178009737AC /* Debug */,
				F2B7986419B6E178009737AC /* Release */,
			);
			defaultConfigurationIsVisible = 0;
		};
		F2B7986519B6E178009737AC /* Build configuration list for PBXNativeTarget "HashTableTests" */ = {
			isa = XCConfigurationList;
			buildConfigurations = (
				F2B7986619B6E178009737AC /* Debug */,
				F2B7986719B6E178009737AC /* Release */,
			);
			defaultConfigurationIsVisible = 0;
		};
/* End XCConfigurationList section */
	};
	rootObject = F2B7983E19B6E178009737AC /* Project object */;
}
